
Microsoft Visual Studio Solution File, Format Version 12.00
# Visual Studio Version 16
VisualStudioVersion = 16.0.31727.386
MinimumVisualStudioVersion = 10.0.40219.1
Project("{8BC9CEB8-8B4A-11D0-8D11-00A0C91BC942}") = "minecraft_clone", "minecraft_clone.vcxproj", "{D5C54709-957F-48A8-8C26-04B6EF9503C5}"
EndProject
Global
	GlobalSection(SolutionConfigurationPlatforms) = preSolution
		Debug|x64 = Debug|x64
		Debug|x86 = Debug|x86
		Release|x64 = Release|x64
		Release|x86 = Release|x86
	EndGlobalSection
	GlobalSection(ProjectConfigurationPlatforms) = postSolution
		{D5C54709-957F-48A8-8C26-04B6EF9503C5}.Debug|x64.ActiveCfg = Debug|x64
		{D5C54709-957F-48A8-8C26-04B6EF9503C5}.Debug|x64.Build.0 = Debug|x64
		{D5C54709-957F-48A8-8C26-04B6EF9503C5}.Debug|x86.ActiveCfg = Debug|Win32
		{D5C54709-957F-48A8-8C26-04B6EF9503C5}.Debug|x86.Build.0 = Debug|Win32
		{D5C54709-957F-48A8-8C26-04B6EF9503C5}.Release|x64.ActiveCfg = Release|x64
		{D5C54709-957F-48A8-8C26-04B6EF9503C5}.Release|x64.Build.0 = Release|x64
		{D5C54709-957F-48A8-8C26-04B6EF9503C5}.Release|x86.ActiveCfg = Release|Win32
		{D5C54709-957F-48A8-8C26-04B6EF9503C5}.Release|x86.Build.0 = Release|Win32
	EndGlobalSection
	GlobalSection(SolutionProperties) = preSolution
		HideSolutionNode = FALSE
	EndGlobalSection
	GlobalSection(ExtensibilityGlobals) = postSolution
		SolutionGuid = {FB1CD675-638B-4C85-B008-3B92AD884236}
	EndGlobalSection
EndGlobal
